
Microsoft Visual Studio Solution File, Format Version 12.00
# Visual Studio Version 16
VisualStudioVersion = 16.0.31313.79
MinimumVisualStudioVersion = 10.0.40219.1
Project("{FAE04EC0-301F-11D3-BF4B-00C04F79EFBC}") = "tp5", "tp5\tp5.csproj", "{EE6E3AA9-8D2D-474E-9B56-B60B41449C3D}"
EndProject
Global
	GlobalSection(SolutionConfigurationPlatforms) = preSolution
		Debug|Any CPU = Debug|Any CPU
		Release|Any CPU = Release|Any CPU
	EndGlobalSection
	GlobalSection(ProjectConfigurationPlatforms) = postSolution
		{EE6E3AA9-8D2D-474E-9B56-B60B41449C3D}.Debug|Any CPU.ActiveCfg = Debug|Any CPU
		{EE6E3AA9-8D2D-474E-9B56-B60B41449C3D}.Debug|Any CPU.Build.0 = Debug|Any CPU
		{EE6E3AA9-8D2D-474E-9B56-B60B41449C3D}.Release|Any CPU.ActiveCfg = Release|Any CPU
		{EE6E3AA9-8D2D-474E-9B56-B60B41449C3D}.Release|Any CPU.Build.0 = Release|Any CPU
	EndGlobalSection
	GlobalSection(SolutionProperties) = preSolution
		HideSolutionNode = FALSE
	EndGlobalSection
	GlobalSection(ExtensibilityGlobals) = postSolution
		SolutionGuid = {3FB2B238-F822-4420-AF83-33837CADEB23}
	EndGlobalSection
EndGlobal
